hash: 7b6065f5a88f2b967f4d23fd89e08455a7b895830766b539e086d85228faf64a
updated: 2016-03-08T17:38:03.958321199-08:00
imports:
- name: github.com/krolaw/dhcp4
  version: ffbbb16f447b3e05b80e8ddecbb8ada36e2ae006
- name: golang.org/x/net
  version: 237fc45c42a2229afd4888751cba1f5add9d6206
  subpackages:
  - ipv4
  - internal/iana
- name: golang.org/x/sys
  version: 7a56174f0086b32866ebd746a794417edbc678a1
  subpackages:
  - unix
- name: golang.org/x/tools
  version: 498e5ca20752b991e09551fa8fdebca879eaeedb
  subpackages:
  - imports
  - go/ast/astutil
devImports: []
