# This file is autogenerated, do not edit; changes may be undone by the next 'dep ensure'.


[[projects]]
  branch = "master"
  digest = "1:f3793f8a708522400cef1dba23385e901aede5519f68971fd69938ef330b07a1"
  name = "github.com/alecthomas/template"
  packages = [
    ".",
    "parse",
  ]
  pruneopts = "NUT"
  revision = "fb15b899a75114aa79cc930e33c46b577cc664b1"

[[projects]]
  branch = "master"
  digest = "1:278f733beeec2d654fc7412dbfa2dff194245e13c720bef8d4e284e0e25708f5"
  name = "github.com/alecthomas/units"
  packages = ["."]
  pruneopts = "NUT"
  revision = "f65c72e2690dc4b403c8bd637baf4611cd4c069b"

[[projects]]
  branch = "master"
  digest = "1:4d3dc52be088499ee1b86a009bf217aa398f3337121584fee4763989862f063b"
  name = "github.com/anmitsu/go-shlex"
  packages = ["."]
  pruneopts = "NUT"
  revision = "38f4b401e2be5955e3e00b843d96e3c406f5094d"

[[projects]]
  digest = "1:e6c88dab8edc42242a2035bba3a869993ff08a3e245a445ea75f436e1bb27c33"
  name = "github.com/beevik/ntp"
  packages = ["."]
  pruneopts = "NUT"
  revision = "62c80a04de2086884d8296004b6d74ee1846c582"
  version = "v0.2.0"

[[projects]]
  digest = "1:82b27017fd8d5f4246c11f9f381325b3638007d2ca554e17d079e23ddd855fb6"
  name = "github.com/cenkalti/backoff"
  packages = ["."]
  pruneopts = "NUT"
  revision = "18fe4ce5a8550e0d0919b680ad3c080a5455bddf"
  version = "v4.0.2"

[[projects]]
  digest = "1:f98a4ae92bd09599922c0f5c8133a951ac1d61dba4589e4347759145dec08c24"
  name = "github.com/creack/pty"
  packages = ["."]
  pruneopts = "NUT"
  revision = "2a38352e8b4d7ab6c336eef107e42a55e72e7fbc"
  version = "v1.1.11"

[[projects]]
  digest = "1:ffe9824d294da03b391f44e1ae8281281b4afc1bdaa9588c9097785e3af10cec"
  name = "github.com/davecgh/go-spew"
  packages = ["spew"]
  pruneopts = "NUT"
  revision = "8991bc29aa16c548c550c7ff78260e27b9ab7c73"
  version = "v1.1.1"

[[projects]]
  digest = "1:b7ffca49e9cfd3dfb04a8e0a59347708c6f78f68476a32c5e0a0edca5d1b258c"
  name = "github.com/dustin/go-humanize"
  packages = ["."]
  pruneopts = "NUT"
  revision = "9f541cc9db5d55bce703bd99987c9d5cb8eea45e"
  version = "v1.0.0"

[[projects]]
  digest = "1:e8301df5b11c8c13927a26a88ee7ec65410024f75c0fc3c8e6421aa6833808ac"
  name = "github.com/gliderlabs/ssh"
  packages = ["."]
  pruneopts = "NUT"
  revision = "cbabf541443203944eeedf87d8bb92e2924170b5"

[[projects]]
  digest = "1:f1ccee0f876cdf0558e5add38e827c100a5a90564cd7d4a369a76a4c1b192277"
  name = "github.com/gojuno/minimock"
  packages = ["."]
  pruneopts = "NUT"
  revision = "37f8ffa861a483b9bb6c98d85642ccbc5166bd92"
  version = "v3.0.8"

[[projects]]
  digest = "1:ea920fc7bb1d9a2fe99782eb6a5b4e809dfbfcfabd6ab55a387353934acbf09c"
  name = "github.com/google/go-cmp"
  packages = [
    "cmp",
    "cmp/internal/diff",
    "cmp/internal/flags",
    "cmp/internal/function",
    "cmp/internal/value",
  ]
  pruneopts = "NUT"
  revision = "7e5cb83929c528b29e5a8ac1244eab0436f79bce"
  version = "v0.4.1"

[[projects]]
  branch = "master"
  digest = "1:025aff2aa982bc49f6805ced7a2366c3a150c7116411de517da4149cd5db9c04"
  name = "github.com/google/go-tpm"
  packages = [
    "tpm",
    "tpm2",
    "tpmutil",
    "tpmutil/tbs",
  ]
  pruneopts = "NUT"
  revision = "5d8a91de9ae363d5a2754ab4f6d67444120953d6"

[[projects]]
  branch = "master"
  digest = "1:dd18ae550fff07a9bd8e4fef527ccd9e2cea01106344693c586388f6f16f7d96"
  name = "github.com/google/goexpect"
  packages = ["."]
  pruneopts = "NUT"
  revision = "5b6988669ffabaa2cf500d79322a7f938478569f"

[[projects]]
  branch = "master"
  digest = "1:5b66c432b11dc4996e583c298c03a3120c9f2e1c68d05b72adceff13595892c3"
  name = "github.com/google/goterm"
  packages = ["term"]
  pruneopts = "NUT"
  revision = "fc88cf888a3fa99ecc23d1efc1a44284268457d3"

[[projects]]
  branch = "master"
  digest = "1:9d0c78cec85a4cb7aeac9642d6cf1bfe462685c3db8b5dbe6ba5f6d64bbdbd1a"
  name = "github.com/insomniacslk/dhcp"
  packages = [
    "dhcpv4",
    "dhcpv4/client4",
    "dhcpv4/nclient4",
    "dhcpv4/server4",
    "dhcpv6",
    "dhcpv6/client6",
    "dhcpv6/nclient6",
    "dhcpv6/server6",
    "iana",
    "interfaces",
    "netboot",
    "rfc1035label",
  ]
  pruneopts = "NUT"
  revision = "ed3125c2efe7026894d9ecf1c41d213d6c1f2010"

[[projects]]
  branch = "master"
  digest = "1:3526ea57285a47f99273a9b00252869d06888b08cd7358d6f89c35db6ec1605b"
  name = "github.com/intel-go/cpuid"
  packages = ["."]
  pruneopts = "NUT"
  revision = "1a4a6f06a1c643c8fbd339bd61d980960627d09e"

[[projects]]
  branch = "master"
  digest = "1:b122136bb6806615678eb20163eb73f8ee89061f1902c338efba0ec8a845aab9"
  name = "github.com/jsimonetti/rtnetlink"
  packages = [
    ".",
    "internal/unix",
    "rtnl",
  ]
  pruneopts = "NUT"
  revision = "3ee32e7e21a4d0cac6cc10a4b31ffd91c052ae52"

[[projects]]
  digest = "1:9c75b27bec5c38d60bd7602c52133110270f7003932b52030938ff68dd257a5f"
  name = "github.com/klauspost/compress"
  packages = ["flate"]
  pruneopts = "NUT"
  revision = "f54780da70be5dede240d84a5f8db8c249b63261"
  version = "v1.10.6"

[[projects]]
  digest = "1:22d762141b1cb2efde1022400ecff73e9f5044f370f806095e8954b7e8fd7ac9"
  name = "github.com/klauspost/pgzip"
  packages = ["."]
  pruneopts = "NUT"
  revision = "82f3a6575571ea114ed0cdc0711a226dcce876f1"
  version = "v1.2.4"

[[projects]]
  digest = "1:797f9322a4864f6a4781ab80433dcf248581ed2f31bd5e152f50bd3a3a8c5ad8"
  name = "github.com/kr/pty"
  packages = ["."]
  pruneopts = "NUT"
  revision = "24b51915630e1d9d3c6adf15a3a96796bbc3cd43"
  version = "v1.1.8"

[[projects]]
  digest = "1:4c2c63bfd4c2ae0c5a9d7f75cab1f4fac4e8c2ce58f52a73322cefc9bdb4c5bd"
  name = "github.com/mattn/go-isatty"
  packages = ["."]
  pruneopts = "NUT"
  revision = "7b513a986450394f7bbf1476909911b3aa3a55ce"
  version = "v0.0.12"

[[projects]]
  branch = "master"
  digest = "1:88810ec115324c260951440d11f030e4bfe451cd888720481e1ddc037a5c8678"
  name = "github.com/mdlayher/ethernet"
  packages = ["."]
  pruneopts = "NUT"
  revision = "0394541c37b7f86a10e0b49492f6d4f605c34163"

[[projects]]
  digest = "1:08e911ffa0ad28d52392d683f5dd3d637867c7c533dd7139ee0206b6f973561f"
  name = "github.com/mdlayher/netlink"
  packages = [
    ".",
    "nlenc",
  ]
  pruneopts = "NUT"
  revision = "ad88bf8eff5c1fd8d6a29299addeeb23d05f1ec1"
  version = "v1.1.0"

[[projects]]
  branch = "master"
  digest = "1:73bced4ff6e30d2504ccde6fab3262ed49e4769cb66d16d638db23c7c5baa3f1"
  name = "github.com/mdlayher/raw"
  packages = ["."]
  pruneopts = "NUT"
  revision = "50f2db8cc0658568575938a39dbaa46172921d98"

[[projects]]
  digest = "1:0028cb19b2e4c3112225cd871870f2d9cf49b9b4276531f03438a88e94be86fe"
  name = "github.com/pmezard/go-difflib"
  packages = ["difflib"]
  pruneopts = "NUT"
  revision = "792786c7400a136282c1664665ae0a8db921c6c2"
  version = "v1.0.0"

[[projects]]
  branch = "master"
  digest = "1:546bfb3441e8385de822b70fdd3d43ea829ab8a9b1d2aaaf0b61f65a99b43531"
  name = "github.com/rck/unit"
  packages = ["."]
  pruneopts = "NUT"
  revision = "a235827e7e89ac5cd65623c5d89320ed5d6c7b8c"

[[projects]]
  branch = "master"
  digest = "1:690e6609b6f754bf1074e2098ed7fa388d4a1a01f0fdbc53d350d2b6630fafc4"
  name = "github.com/rekby/gpt"
  packages = ["."]
  pruneopts = "NUT"
  revision = "a930afbc6edcc89c83d39b79e52025698156178d"

[[projects]]
  branch = "master"
  digest = "1:a0489623f0b5dc6d669f54e64e102e101eed35beb75db6329b0925006a4439bc"
  name = "github.com/safchain/ethtool"
  packages = ["."]
  pruneopts = "NUT"
  revision = "f459e2d136648a780248aba0fcac44740fe3b500"

[[projects]]
  digest = "1:d115708a27806831d1babbc6f28a7478ddf8e32a7095507c816e2515fb03a810"
  name = "github.com/spf13/pflag"
  packages = ["."]
  pruneopts = "NUT"
  revision = "2e9d26c8c37aae03e3f9d4e90b7116f5accb7cab"
  version = "v1.0.5"

[[projects]]
  digest = "1:e6aedc9ffe708685ae5bb6c1e9fb12ce9d3ef0aa14872c620c8d34e13fc233e2"
  name = "github.com/stretchr/testify"
  packages = [
    "assert",
    "require",
  ]
  pruneopts = "NUT"
  revision = "3ebf1ddaeb260c4b1ae502a01c7844fa8c1fa0e9"
  version = "v1.5.1"

[[projects]]
  branch = "master"
  digest = "1:2b8242061102cfba7c600a90c8d64465de5387a6198987e2f2d2afb69bb4c355"
  name = "github.com/u-root/iscsinl"
  packages = ["."]
  pruneopts = "NUT"
  revision = "ee1a8f979f6802a4c7d5d6d41353efe8110a78ef"

[[projects]]
  branch = "master"
  digest = "1:e15ff54118098374b20121eaa32154cd811d1f578de5bf965fed2eed82127e18"
  name = "github.com/vishvananda/netlink"
  packages = [
    ".",
    "nl",
  ]
  pruneopts = "NUT"
  revision = "c79a4b7b40668c3f7867bf256b80b6b2dc65e58e"

[[projects]]
  branch = "master"
  digest = "1:5696e62c343890871d7d91a7f88c09509712aab1610f61bc22dde88ff0ff5f08"
  name = "github.com/vishvananda/netns"
  packages = ["."]
  pruneopts = "NUT"
  revision = "52d707b772fe9481fde11266d26560bd2be7a780"

[[projects]]
  branch = "master"
  digest = "1:81a7d0f6d9b4e92b887599f98c21f95bb651f980ecb445ff56f69469a89bc9b3"
  name = "github.com/vtolstov/go-ioctl"
  packages = ["."]
  pruneopts = "NUT"
  revision = "6be9cced4810d0afba42202cc6f0b0ac2a650f4b"

[[projects]]
  branch = "master"
  digest = "1:94e196c2939d74c40a699d20d071711d237925019a177baadcd75815c1132265"
  name = "golang.org/x/crypto"
  packages = [
    "blowfish",
    "cast5",
    "chacha20",
    "curve25519",
    "ed25519",
    "ed25519/internal/edwards25519",
    "hkdf",
    "internal/subtle",
    "md4",
    "openpgp",
    "openpgp/armor",
    "openpgp/elgamal",
    "openpgp/errors",
    "openpgp/packet",
    "openpgp/s2k",
    "poly1305",
    "ripemd160",
    "sha3",
    "ssh",
    "ssh/internal/bcrypt_pbkdf",
    "ssh/terminal",
  ]
  pruneopts = "NUT"
  revision = "06a226fb4e3765ef3f48aa2852b401bc7b98e981"

[[projects]]
  digest = "1:467bb8fb8fa786448b8d486cd0bb7c1a5577dcd7310441aa02a20110cd9f727d"
  name = "golang.org/x/mod"
  packages = [
    "module",
    "semver",
  ]
  pruneopts = "NUT"
  revision = "859b3ef565e237f9f1a0fb6b55385c497545680d"
  version = "v0.3.0"

[[projects]]
  branch = "master"
  digest = "1:1355e6900efa3eb3964e96fb5563d67067163a3b4b51fa604dc095da09bdb263"
  name = "golang.org/x/net"
  packages = [
    "bpf",
    "internal/iana",
    "internal/socket",
    "ipv4",
    "ipv6",
  ]
  pruneopts = "NUT"
  revision = "0ba52f642ac2f9371a88bfdde41f4b4e195a37c0"

[[projects]]
  branch = "master"
  digest = "1:8a57a5ddd27159f5177a801e5fa48ed3bcb90e5618952d0efe0fb21b48f9dab9"
  name = "golang.org/x/sys"
  packages = [
    "cpu",
    "internal/unsafeheader",
    "unix",
    "windows",
  ]
  pruneopts = "NUT"
  revision = "05986578812163b26672dabd9b425240ae2bb0ad"

[[projects]]
  digest = "1:1093f2eb4b344996604f7d8b29a16c5b22ab9e1b25652140d3fede39f640d5cd"
  name = "golang.org/x/text"
  packages = [
    "internal/gen",
    "internal/triegen",
    "internal/ucd",
    "transform",
    "unicode/cldr",
    "unicode/norm",
  ]
  pruneopts = "NUT"
  revision = "342b2e1fbaa52c93f31447ad2c6abc048c63e475"
  version = "v0.3.2"

[[projects]]
  branch = "master"
  digest = "1:2d0e820872ce3347157bc2888a975cb58984ccd6ad1ad998e186de698c2ff005"
  name = "golang.org/x/tools"
  packages = [
    "go/ast/astutil",
    "imports",
    "internal/event",
    "internal/event/core",
    "internal/event/keys",
    "internal/event/label",
    "internal/fastwalk",
    "internal/gocommand",
    "internal/gopathwalk",
    "internal/imports",
  ]
  pruneopts = "NUT"
  revision = "8b020aee10d2dc97e13b76ce01b59c9b5d4a4d0f"

[[projects]]
  branch = "master"
  digest = "1:325a1b73817aa79fc85f10376ed41ea607f7dd7f6c6bfa46df6a28ef2857941f"
  name = "golang.org/x/xerrors"
  packages = [
    ".",
    "internal",
  ]
  pruneopts = "NUT"
  revision = "9bdfabe68543c54f90421aeb9a60ef8061b5b544"

[[projects]]
  digest = "1:a222e924e8dfeca0eccb0e6e8958d233752df7d52b6996f03df2a13a542c30f4"
  name = "google.golang.org/grpc"
  packages = ["codes"]
  pruneopts = "NUT"
  revision = "754ee590a4f386d0910d887f3b8776354042260b"
  version = "v1.29.1"

[[projects]]
  digest = "1:22b2dee6f30bc8601f087449a2a819df8388e54e9547349c658f14d8f8c590f2"
  name = "gopkg.in/alecthomas/kingpin.v2"
  packages = ["."]
  pruneopts = "NUT"
  revision = "947dcec5ba9c011838740e680966fd7087a71d0d"
  version = "v2.2.6"

[[projects]]
  digest = "1:62a89978829993fb84e755bff5ae0e3d84837228898fd55b1a88a885036e1e51"
  name = "gopkg.in/yaml.v2"
  packages = ["."]
  pruneopts = "NUT"
  revision = "0b1645d91e851e735d3e23330303ce81f70adbe3"
  version = "v2.3.0"

[[projects]]
  branch = "master"
  digest = "1:4dd51a952e2528212eeb80840dd84374f920bc366623df6e41f001cd5d3da906"
  name = "pack.ag/tftp"
  packages = [
    ".",
    "netascii",
  ]
  pruneopts = "NUT"
  revision = "07909dfbde3c4e388a7e353351191fbb987ce5a5"

[solve-meta]
  analyzer-name = "dep"
  analyzer-version = 1
  input-imports = [
    "github.com/beevik/ntp",
    "github.com/cenkalti/backoff",
    "github.com/davecgh/go-spew/spew",
    "github.com/dustin/go-humanize",
    "github.com/gliderlabs/ssh",
    "github.com/gojuno/minimock",
    "github.com/google/go-cmp/cmp",
    "github.com/google/go-tpm/tpm",
    "github.com/google/go-tpm/tpm2",
    "github.com/google/go-tpm/tpmutil",
    "github.com/google/goexpect",
    "github.com/google/goterm/term",
    "github.com/insomniacslk/dhcp/dhcpv4",
    "github.com/insomniacslk/dhcp/dhcpv4/nclient4",
    "github.com/insomniacslk/dhcp/dhcpv4/server4",
    "github.com/insomniacslk/dhcp/dhcpv6",
    "github.com/insomniacslk/dhcp/dhcpv6/nclient6",
    "github.com/insomniacslk/dhcp/dhcpv6/server6",
    "github.com/insomniacslk/dhcp/iana",
    "github.com/insomniacslk/dhcp/interfaces",
    "github.com/insomniacslk/dhcp/netboot",
    "github.com/intel-go/cpuid",
    "github.com/klauspost/pgzip",
    "github.com/kr/pty",
    "github.com/mattn/go-isatty",
    "github.com/rck/unit",
    "github.com/rekby/gpt",
    "github.com/safchain/ethtool",
    "github.com/spf13/pflag",
    "github.com/stretchr/testify/assert",
    "github.com/stretchr/testify/require",
    "github.com/u-root/iscsinl",
    "github.com/vishvananda/netlink",
    "github.com/vtolstov/go-ioctl",
    "golang.org/x/crypto/ed25519",
    "golang.org/x/crypto/hkdf",
    "golang.org/x/crypto/md4",
    "golang.org/x/crypto/openpgp",
    "golang.org/x/crypto/openpgp/errors",
    "golang.org/x/crypto/openpgp/packet",
    "golang.org/x/crypto/ripemd160",
    "golang.org/x/crypto/sha3",
    "golang.org/x/crypto/ssh",
    "golang.org/x/crypto/ssh/terminal",
    "golang.org/x/sys/unix",
    "golang.org/x/sys/windows",
    "golang.org/x/text/transform",
    "golang.org/x/text/unicode/norm",
    "golang.org/x/tools/go/ast/astutil",
    "golang.org/x/tools/imports",
    "gopkg.in/alecthomas/kingpin.v2",
    "pack.ag/tftp",
  ]
  solver-name = "gps-cdcl"
  solver-version = 1
