# This file is autogenerated, do not edit; changes may be undone by the next 'dep ensure'.


[[projects]]
  name = "github.com/beevik/ntp"
  packages = ["."]
  revision = "62c80a04de2086884d8296004b6d74ee1846c582"
  version = "v0.2.0"

[[projects]]
  branch = "master"
  name = "github.com/dustin/go-humanize"
  packages = ["."]
  revision = "bb3d318650d48840a39aa21a027c6630e198e626"

[[projects]]
  name = "github.com/go-test/deep"
  packages = ["."]
  revision = "9898238679c264cfb10411539f14a0553dc8b295"
  version = "v1.0.0"

[[projects]]
  branch = "master"
  name = "github.com/google/go-tpm"
  packages = [
    "tpm",
    "tpmutil"
  ]
  revision = "ca55a71865e26d3113cb6b281f72a50a1d82ea8a"

[[projects]]
  branch = "master"
  name = "github.com/google/netstack"
  packages = [
    "ilist",
    "tcpip",
    "tcpip/buffer",
    "tcpip/header",
    "waiter"
  ]
  revision = "edcfca33ca347f59a1393986a5d216a5f183ae28"

[[projects]]
  branch = "master"
  name = "github.com/google/uuid"
  packages = ["."]
  revision = "dec09d789f3dba190787f8b4454c7d3c936fed9e"

[[projects]]
  name = "github.com/gorilla/context"
  packages = ["."]
  revision = "1ea25387ff6f684839d82767c1733ff4d4d15d0a"
  version = "v1.1"

[[projects]]
  name = "github.com/gorilla/mux"
  packages = ["."]
  revision = "53c1911da2b537f792e7cafcb446b05ffe33b996"
  version = "v1.6.1"

[[projects]]
  name = "github.com/klauspost/compress"
  packages = ["flate"]
  revision = "6c8db69c4b49dd4df1fff66996cf556176d0b9bf"
  version = "v1.2.1"

[[projects]]
  name = "github.com/klauspost/cpuid"
  packages = ["."]
  revision = "ae7887de9fa5d2db4eaa8174a7eff2c1ac00f2da"
  version = "v1.1"

[[projects]]
  name = "github.com/klauspost/crc32"
  packages = ["."]
  revision = "cb6bfca970f6908083f26f39a79009d608efd5cd"
  version = "v1.1"

[[projects]]
  name = "github.com/klauspost/pgzip"
  packages = ["."]
  revision = "0bf5dcad4ada2814c3c00f996a982270bb81a506"
  version = "v1.1"

[[projects]]
  branch = "master"
  name = "github.com/mdlayher/dhcp6"
  packages = [
    ".",
    "dhcp6opts",
    "internal/buffer"
  ]
  revision = "e26af0688e455a82b14ebdbecf43f87ead3c4624"

[[projects]]
  branch = "master"
  name = "github.com/mdlayher/ethernet"
  packages = ["."]
  revision = "e72cf8343052938936194daba1914fd1bb33d2fe"

[[projects]]
  branch = "master"
  name = "github.com/mdlayher/eui64"
  packages = ["."]
  revision = "eee6532bb9adf30c2a17e9963ed90aa14161dae9"

[[projects]]
  branch = "master"
  name = "github.com/mdlayher/raw"
  packages = ["."]
  revision = "5f27d82a512f55b8668d40c0343d2f53885261fa"

[[projects]]
  branch = "master"
  name = "github.com/rck/unit"
  packages = ["."]
  revision = "16d9ed3d60d943bbb0ed704264795a2541457601"

[[projects]]
  branch = "master"
  name = "github.com/u-root/dhcp4"
  packages = [
    ".",
    "dhcp4client",
    "dhcp4opts",
    "internal/buffer"
  ]
  revision = "a950c25c1e85927070c5395d644ae394a9caae2b"

[[projects]]
  branch = "master"
  name = "github.com/vishvananda/netlink"
  packages = [
    ".",
    "nl"
  ]
  revision = "41009d533ba0788a139b0b6ef38923a23b3766d3"

[[projects]]
  branch = "master"
  name = "github.com/vishvananda/netns"
  packages = ["."]
  revision = "be1fbeda19366dea804f00efff2dd73a1642fdcc"

[[projects]]
  branch = "master"
  name = "golang.org/x/crypto"
  packages = [
    "cast5",
    "curve25519",
    "ed25519",
    "ed25519/internal/edwards25519",
    "internal/chacha20",
    "md4",
    "openpgp",
    "openpgp/armor",
    "openpgp/elgamal",
    "openpgp/errors",
    "openpgp/packet",
    "openpgp/s2k",
    "pbkdf2",
    "poly1305",
    "ripemd160",
    "sha3",
    "ssh"
  ]
  revision = "88942b9c40a4c9d203b82b3731787b672d6e809b"

[[projects]]
  branch = "master"
  name = "golang.org/x/net"
  packages = [
    "bpf",
    "internal/iana",
    "internal/socket",
    "ipv4"
  ]
  revision = "6078986fec03a1dcc236c34816c71b0e05018fda"

[[projects]]
  branch = "master"
  name = "golang.org/x/sys"
  packages = ["unix"]
  revision = "91ee8cde435411ca3f1cd365e8f20131aed4d0a1"

[[projects]]
  branch = "master"
  name = "golang.org/x/tools"
  packages = [
    "go/ast/astutil",
    "imports"
  ]
  revision = "77106db15f689a60e7d4e085d967ac557b918fb2"

[[projects]]
  name = "pack.ag/tftp"
  packages = [
    ".",
    "netascii"
  ]
  revision = "d0fca786a8ea95ad4515bb83b2c34a11ec6a3fc0"
  version = "v1.0.0"

[solve-meta]
  analyzer-name = "dep"
  analyzer-version = 1
  inputs-digest = "4f5c2f5b0adbffeff3683a0bb44606f6e89ecd8d2bb22eea6ce15e18a1ebd937"
  solver-name = "gps-cdcl"
  solver-version = 1
