# This file is autogenerated, do not edit; changes may be undone by the next 'dep ensure'.


[[projects]]
  branch = "master"
  digest = "1:3eaa34649e055bb9e57fda3f9a9bc4512483d7cc8fe123a34fd9e49913ffd453"
  name = "github.com/9elements/tpmtool"
  packages = ["pkg/tpm"]
  pruneopts = "NUT"
  revision = "da1d98c3e72c8f9397bc533879ffa0a2df8ccbfc"

[[projects]]
  branch = "master"
  digest = "1:f3793f8a708522400cef1dba23385e901aede5519f68971fd69938ef330b07a1"
  name = "github.com/alecthomas/template"
  packages = [
    ".",
    "parse",
  ]
  pruneopts = "NUT"
  revision = "fb15b899a75114aa79cc930e33c46b577cc664b1"

[[projects]]
  branch = "master"
  digest = "1:278f733beeec2d654fc7412dbfa2dff194245e13c720bef8d4e284e0e25708f5"
  name = "github.com/alecthomas/units"
  packages = ["."]
  pruneopts = "NUT"
  revision = "f65c72e2690dc4b403c8bd637baf4611cd4c069b"

[[projects]]
  branch = "master"
  digest = "1:4d3dc52be088499ee1b86a009bf217aa398f3337121584fee4763989862f063b"
  name = "github.com/anmitsu/go-shlex"
  packages = ["."]
  pruneopts = "NUT"
  revision = "648efa622239a2f6ff949fed78ee37b48d499ba4"

[[projects]]
  digest = "1:e6c88dab8edc42242a2035bba3a869993ff08a3e245a445ea75f436e1bb27c33"
  name = "github.com/beevik/ntp"
  packages = ["."]
  pruneopts = "NUT"
  revision = "62c80a04de2086884d8296004b6d74ee1846c582"
  version = "v0.2.0"

[[projects]]
  digest = "1:e02ffb382584a22c006311c9a9c39df1f2d65e2114e67dd2486f43924f141f0a"
  name = "github.com/cenkalti/backoff"
  packages = ["."]
  pruneopts = "NUT"
  revision = "a9a4cec6c9a26336ca42700ccc319ca842be56c0"
  version = "v4.0.0"

[[projects]]
  digest = "1:5b9ec589d739f9dc806a72739960d6e73ef18cf539841c85220f2fe32502a53a"
  name = "github.com/creack/pty"
  packages = ["."]
  pruneopts = "NUT"
  revision = "3a6a957789163cacdfe0e291617a1c8e80612c11"
  version = "v1.1.9"

[[projects]]
  digest = "1:ffe9824d294da03b391f44e1ae8281281b4afc1bdaa9588c9097785e3af10cec"
  name = "github.com/davecgh/go-spew"
  packages = ["spew"]
  pruneopts = "NUT"
  revision = "8991bc29aa16c548c550c7ff78260e27b9ab7c73"
  version = "v1.1.1"

[[projects]]
  branch = "master"
  digest = "1:e289d5e7048337880ec469bf6e419b16852db7c214e810d6d3840e42d3adfa5b"
  name = "github.com/digitalocean/go-smbios"
  packages = ["smbios"]
  pruneopts = "NUT"
  revision = "390a4f403a8e94ca0acdcf609eb18eeae9d6d1ac"

[[projects]]
  digest = "1:b7ffca49e9cfd3dfb04a8e0a59347708c6f78f68476a32c5e0a0edca5d1b258c"
  name = "github.com/dustin/go-humanize"
  packages = ["."]
  pruneopts = "NUT"
  revision = "9f541cc9db5d55bce703bd99987c9d5cb8eea45e"
  version = "v1.0.0"

[[projects]]
  digest = "1:e8301df5b11c8c13927a26a88ee7ec65410024f75c0fc3c8e6421aa6833808ac"
  name = "github.com/gliderlabs/ssh"
  packages = ["."]
  pruneopts = "NUT"
  revision = "cbabf541443203944eeedf87d8bb92e2924170b5"

[[projects]]
  digest = "1:f28cd107c54d32781732220a3f7e95e332c2d4ca3d41063e8c364397444ef9cf"
  name = "github.com/go-test/deep"
  packages = ["."]
  pruneopts = "NUT"
  revision = "3c58d730f064836fd875a220cfefdef7b2b8075a"
  version = "v1.0.5"

[[projects]]
  digest = "1:0aeda02073125667ac6c9df50c7921cb22c08a4accdc54589c697a7e76be65c2"
  name = "github.com/google/go-cmp"
  packages = [
    "cmp",
    "cmp/internal/diff",
    "cmp/internal/flags",
    "cmp/internal/function",
    "cmp/internal/value",
  ]
  pruneopts = "NUT"
  revision = "5a6f75716e1203a923a78c9efb94089d857df0f6"
  version = "v0.4.0"

[[projects]]
  digest = "1:9d89504c933705336ef7e829b3299cca79a83b66a9a12a12227a9cfee88a172e"
  name = "github.com/google/go-tpm"
  packages = [
    "tpm",
    "tpm2",
    "tpmutil",
    "tpmutil/tbs",
  ]
  pruneopts = "NUT"
  revision = "aab8d06b4c87613d2d8f0fcef5d2c9ebed0b6e2e"

[[projects]]
  branch = "master"
  digest = "1:dd18ae550fff07a9bd8e4fef527ccd9e2cea01106344693c586388f6f16f7d96"
  name = "github.com/google/goexpect"
  packages = ["."]
  pruneopts = "NUT"
  revision = "5b6988669ffabaa2cf500d79322a7f938478569f"

[[projects]]
  branch = "master"
  digest = "1:5b66c432b11dc4996e583c298c03a3120c9f2e1c68d05b72adceff13595892c3"
  name = "github.com/google/goterm"
  packages = ["term"]
  pruneopts = "NUT"
  revision = "fc88cf888a3fa99ecc23d1efc1a44284268457d3"

[[projects]]
  branch = "master"
  digest = "1:99664cf933fe4ba3822897e98936d605ac75da5a7c88c452cff9f2b07de9563b"
  name = "github.com/insomniacslk/dhcp"
  packages = [
    "dhcpv4",
    "dhcpv4/client4",
    "dhcpv4/nclient4",
    "dhcpv4/server4",
    "dhcpv6",
    "dhcpv6/client6",
    "dhcpv6/nclient6",
    "dhcpv6/server6",
    "iana",
    "interfaces",
    "netboot",
    "rfc1035label",
  ]
  pruneopts = "NUT"
  revision = "99cbb09fb7b9ed72366e4c3e7def412d8e461539"

[[projects]]
  branch = "master"
  digest = "1:3526ea57285a47f99273a9b00252869d06888b08cd7358d6f89c35db6ec1605b"
  name = "github.com/intel-go/cpuid"
  packages = ["."]
  pruneopts = "NUT"
  revision = "1a4a6f06a1c643c8fbd339bd61d980960627d09e"

[[projects]]
  branch = "master"
  digest = "1:6c9709c7e3ad44e5adefe779b053fce0a39d4c538349c918e683f924318ecc23"
  name = "github.com/jsimonetti/rtnetlink"
  packages = [
    ".",
    "internal/unix",
    "rtnl",
  ]
  pruneopts = "NUT"
  revision = "f846d4f6c1f4c835f26af4b2158d721237da95ce"

[[projects]]
  digest = "1:833aadffa1abffb4c037611b682834fc8dffa8b800fb5940707392be143f275f"
  name = "github.com/klauspost/compress"
  packages = ["flate"]
  pruneopts = "NUT"
  revision = "459b83aadb42b806aed42f0f4b3240c8834e0cc1"
  version = "v1.9.8"

[[projects]]
  digest = "1:f3f3545a30b934b75ad9cf9c7e9543f84f1d1aee3e534f6d01ab1776fa519fb9"
  name = "github.com/klauspost/pgzip"
  packages = ["."]
  pruneopts = "NUT"
  revision = "083b1c3f84dd6486588802e5ce295de3a7f41a8b"
  version = "v1.2.1"

[[projects]]
  digest = "1:797f9322a4864f6a4781ab80433dcf248581ed2f31bd5e152f50bd3a3a8c5ad8"
  name = "github.com/kr/pty"
  packages = ["."]
  pruneopts = "NUT"
  revision = "24b51915630e1d9d3c6adf15a3a96796bbc3cd43"
  version = "v1.1.8"

[[projects]]
  digest = "1:4c2c63bfd4c2ae0c5a9d7f75cab1f4fac4e8c2ce58f52a73322cefc9bdb4c5bd"
  name = "github.com/mattn/go-isatty"
  packages = ["."]
  pruneopts = "NUT"
  revision = "7b513a986450394f7bbf1476909911b3aa3a55ce"
  version = "v0.0.12"

[[projects]]
  branch = "master"
  digest = "1:88810ec115324c260951440d11f030e4bfe451cd888720481e1ddc037a5c8678"
  name = "github.com/mdlayher/ethernet"
  packages = ["."]
  pruneopts = "NUT"
  revision = "0394541c37b7f86a10e0b49492f6d4f605c34163"

[[projects]]
  digest = "1:f9daf4302a8303d79da7160d5ce27fa9cbf9b9fd61402128a6e40d7d769c8b7e"
  name = "github.com/mdlayher/netlink"
  packages = [
    ".",
    "nlenc",
  ]
  pruneopts = "NUT"
  revision = "38c649d682f7076157a1b8dcdd235d2b1b8f63c2"
  version = "v1.0.0"

[[projects]]
  branch = "master"
  digest = "1:73bced4ff6e30d2504ccde6fab3262ed49e4769cb66d16d638db23c7c5baa3f1"
  name = "github.com/mdlayher/raw"
  packages = ["."]
  pruneopts = "NUT"
  revision = "50f2db8cc0658568575938a39dbaa46172921d98"

[[projects]]
  digest = "1:0028cb19b2e4c3112225cd871870f2d9cf49b9b4276531f03438a88e94be86fe"
  name = "github.com/pmezard/go-difflib"
  packages = ["difflib"]
  pruneopts = "NUT"
  revision = "792786c7400a136282c1664665ae0a8db921c6c2"
  version = "v1.0.0"

[[projects]]
  branch = "master"
  digest = "1:546bfb3441e8385de822b70fdd3d43ea829ab8a9b1d2aaaf0b61f65a99b43531"
  name = "github.com/rck/unit"
  packages = ["."]
  pruneopts = "NUT"
  revision = "a235827e7e89ac5cd65623c5d89320ed5d6c7b8c"

[[projects]]
  branch = "master"
  digest = "1:d9528b930e94f1ca3daa6b35a8ef697f932853faf79e29b628b6d3861f383ed7"
  name = "github.com/rekby/gpt"
  packages = ["."]
  pruneopts = "NUT"
  revision = "520ac65554cffa63270eeb0723c59c08b319a94d"

[[projects]]
  branch = "master"
  digest = "1:1757ed4b8d208e10a2ce6c31875311c1519ea7c32d2031cf0999ca6957e4a3a5"
  name = "github.com/safchain/ethtool"
  packages = ["."]
  pruneopts = "NUT"
  revision = "ef7e7c9c27639f149a3c4bfae07a9c0fc3a1691a"

[[projects]]
  digest = "1:d115708a27806831d1babbc6f28a7478ddf8e32a7095507c816e2515fb03a810"
  name = "github.com/spf13/pflag"
  packages = ["."]
  pruneopts = "NUT"
  revision = "2e9d26c8c37aae03e3f9d4e90b7116f5accb7cab"
  version = "v1.0.5"

[[projects]]
  digest = "1:7096df4a9258067bb9ff5da62864a645d38dd94cd3f273ff4ab54d0de548a348"
  name = "github.com/stretchr/testify"
  packages = [
    "assert",
    "require",
  ]
  pruneopts = "NUT"
  revision = "221dbe5ed46703ee255b1da0dec05086f5035f62"
  version = "v1.4.0"

[[projects]]
  branch = "master"
  digest = "1:53c30700df8e991ffc4a2ec3944edf7b54dd964a1949d554d1abbcbcebc544dd"
  name = "github.com/vishvananda/netlink"
  packages = [
    ".",
    "nl",
  ]
  pruneopts = "NUT"
  revision = "261f000a62279dad96e606b071274e6ecae6001b"

[[projects]]
  branch = "master"
  digest = "1:ad33f5e23a9fbcdbdf7f8412a035d1f70274691345890289dd390359e574c017"
  name = "github.com/vishvananda/netns"
  packages = ["."]
  pruneopts = "NUT"
  revision = "0a2b9b5464df8343199164a0321edf3313202f7e"

[[projects]]
  branch = "master"
  digest = "1:54d7b8ea7c0861142752419410a694b7dc82f530535cd060dd682ebd52df1fe2"
  name = "golang.org/x/crypto"
  packages = [
    "blowfish",
    "cast5",
    "chacha20",
    "curve25519",
    "ed25519",
    "ed25519/internal/edwards25519",
    "internal/subtle",
    "md4",
    "openpgp",
    "openpgp/armor",
    "openpgp/elgamal",
    "openpgp/errors",
    "openpgp/packet",
    "openpgp/s2k",
    "poly1305",
    "ripemd160",
    "sha3",
    "ssh",
    "ssh/internal/bcrypt_pbkdf",
  ]
  pruneopts = "NUT"
  revision = "c9f3fb736b729628ec1e9c1a6b4313e883f452f9"

[[projects]]
  branch = "master"
  digest = "1:7182ef5a2af56ca8c788b291e7f9926b85c354eb0a93bc5a57ce19c99e42d74f"
  name = "golang.org/x/net"
  packages = [
    "bpf",
    "internal/iana",
    "internal/socket",
    "ipv4",
    "ipv6",
  ]
  pruneopts = "NUT"
  revision = "16171245cfb220d5317888b716d69c1fb4e7992b"

[[projects]]
  branch = "master"
  digest = "1:db930a38f2ce644d060bc2e85c29c75f8d7987ebd12019d95b361de7cf0277b4"
  name = "golang.org/x/sys"
  packages = [
    "cpu",
    "unix",
    "windows",
  ]
  pruneopts = "NUT"
  revision = "d101bd2416d505c0448a6ce8a282482678040a89"

[[projects]]
  digest = "1:1093f2eb4b344996604f7d8b29a16c5b22ab9e1b25652140d3fede39f640d5cd"
  name = "golang.org/x/text"
  packages = [
    "internal/gen",
    "internal/triegen",
    "internal/ucd",
    "transform",
    "unicode/cldr",
    "unicode/norm",
  ]
  pruneopts = "NUT"
  revision = "342b2e1fbaa52c93f31447ad2c6abc048c63e475"
  version = "v0.3.2"

[[projects]]
  branch = "master"
  digest = "1:4545f23bbb5672733589b87a54eeab6d1219368d12862a4888ec42921c4f332e"
  name = "golang.org/x/tools"
  packages = [
    "go/ast/astutil",
    "imports",
    "internal/fastwalk",
    "internal/gopathwalk",
    "internal/imports",
    "internal/module",
    "internal/semver",
  ]
  pruneopts = "NUT"
  revision = "67a4523381ef904fe70f6cc4b54cf1baad90d21a"

[[projects]]
  digest = "1:a222e924e8dfeca0eccb0e6e8958d233752df7d52b6996f03df2a13a542c30f4"
  name = "google.golang.org/grpc"
  packages = ["codes"]
  pruneopts = "NUT"
  revision = "a89bee78ddf0f67f27c06b1b2b1b071c18408724"
  version = "v1.27.0"

[[projects]]
  digest = "1:22b2dee6f30bc8601f087449a2a819df8388e54e9547349c658f14d8f8c590f2"
  name = "gopkg.in/alecthomas/kingpin.v2"
  packages = ["."]
  pruneopts = "NUT"
  revision = "947dcec5ba9c011838740e680966fd7087a71d0d"
  version = "v2.2.6"

[[projects]]
  digest = "1:d9b9ac6943a512737f76bf3d61b08d97121c66686bc02ffc231313563230b468"
  name = "gopkg.in/yaml.v2"
  packages = ["."]
  pruneopts = "NUT"
  revision = "53403b58ad1b561927d19068c655246f2db79d48"
  version = "v2.2.8"

[[projects]]
  digest = "1:6889c82820f81a4fc7c707b5ac38e06da0486865ae513b0c33c38bf3b3fc46da"
  name = "pack.ag/tftp"
  packages = [
    ".",
    "netascii",
  ]
  pruneopts = "NUT"
  revision = "d0fca786a8ea95ad4515bb83b2c34a11ec6a3fc0"
  version = "v1.0.0"

[solve-meta]
  analyzer-name = "dep"
  analyzer-version = 1
  input-imports = [
    "github.com/9elements/tpmtool/pkg/tpm",
    "github.com/beevik/ntp",
    "github.com/cenkalti/backoff",
    "github.com/davecgh/go-spew/spew",
    "github.com/digitalocean/go-smbios/smbios",
    "github.com/dustin/go-humanize",
    "github.com/gliderlabs/ssh",
    "github.com/go-test/deep",
    "github.com/google/go-cmp/cmp",
    "github.com/google/go-tpm/tpm",
    "github.com/google/go-tpm/tpm2",
    "github.com/google/go-tpm/tpmutil",
    "github.com/google/goexpect",
    "github.com/insomniacslk/dhcp/dhcpv4",
    "github.com/insomniacslk/dhcp/dhcpv4/nclient4",
    "github.com/insomniacslk/dhcp/dhcpv4/server4",
    "github.com/insomniacslk/dhcp/dhcpv6",
    "github.com/insomniacslk/dhcp/dhcpv6/nclient6",
    "github.com/insomniacslk/dhcp/dhcpv6/server6",
    "github.com/insomniacslk/dhcp/iana",
    "github.com/insomniacslk/dhcp/interfaces",
    "github.com/insomniacslk/dhcp/netboot",
    "github.com/intel-go/cpuid",
    "github.com/klauspost/pgzip",
    "github.com/kr/pty",
    "github.com/mattn/go-isatty",
    "github.com/rck/unit",
    "github.com/rekby/gpt",
    "github.com/safchain/ethtool",
    "github.com/spf13/pflag",
    "github.com/stretchr/testify/require",
    "github.com/vishvananda/netlink",
    "golang.org/x/crypto/ed25519",
    "golang.org/x/crypto/md4",
    "golang.org/x/crypto/openpgp",
    "golang.org/x/crypto/openpgp/errors",
    "golang.org/x/crypto/openpgp/packet",
    "golang.org/x/crypto/ripemd160",
    "golang.org/x/crypto/sha3",
    "golang.org/x/crypto/ssh",
    "golang.org/x/sys/unix",
    "golang.org/x/sys/windows",
    "golang.org/x/text/transform",
    "golang.org/x/text/unicode/norm",
    "golang.org/x/tools/go/ast/astutil",
    "golang.org/x/tools/imports",
    "gopkg.in/alecthomas/kingpin.v2",
    "pack.ag/tftp",
  ]
  solver-name = "gps-cdcl"
  solver-version = 1
