github.com/u-root/u-root v6.0.1-0.20200831042521-5e45509ddd2c+incompatible h1:oNlHtBT3zSgLXd5hIvoTaII7d8nqL+j9KuOSQfwWnuA=
github.com/u-root/u-root v6.0.1-0.20200831042521-5e45509ddd2c+incompatible/go.mod h1:RYkpo8pTHrNjW08opNd/U6p/RJE7K0D8fXO0d47+3YY=
golang.org/x/sys v0.1.0 h1:kunALQeHf1/185U1i0GOB/fy1IPRDDpuoOOqRReG57U=
golang.org/x/sys v0.1.0/go.mod h1:oPkhp1MJrh7nUepCBck5+mAzfO9JrbApNNgaTdGDITg=
