github.com/u-root/u-root v6.0.1-0.20200831042521-5e45509ddd2c+incompatible h1:oNlHtBT3zSgLXd5hIvoTaII7d8nqL+j9KuOSQfwWnuA=
github.com/u-root/u-root v6.0.1-0.20200831042521-5e45509ddd2c+incompatible/go.mod h1:RYkpo8pTHrNjW08opNd/U6p/RJE7K0D8fXO0d47+3YY=
golang.org/x/sys v0.0.0-20200831180312-196b9ba8737a h1:i47hUS795cOydZI4AwJQCKXOr4BvxzvikwDoDtHhP2Y=
golang.org/x/sys v0.0.0-20200831180312-196b9ba8737a/go.mod h1:h1NjWce9XRLGQEsW7wpKNCjG9DtNlClVuFLEZdDNbEs=
